
Microsoft Visual Studio Solution File, Format Version 12.00
# Visual Studio Version 17
VisualStudioVersion = 17.11.35312.102
MinimumVisualStudioVersion = 10.0.40219.1
Project("{9A19103F-16F7-4668-BE54-9A1E7A4F7556}") = "EquipmentSystem", "EquipmentSystem\EquipmentSystem.csproj", "{02359A18-3DC9-45A7-AC4D-FF342E701CC4}"
EndProject
Project("{00D1A9C2-B5F0-4AF3-8072-F6C62B433612}") = "db_Accounts", "db_Accounts\db_Accounts.sqlproj", "{BB1E9913-230A-4B6A-91F5-095C4A950F69}"
EndProject
Global
	GlobalSection(SolutionConfigurationPlatforms) = preSolution
		Debug|Any CPU = Debug|Any CPU
		Release|Any CPU = Release|Any CPU
	EndGlobalSection
	GlobalSection(ProjectConfigurationPlatforms) = postSolution
		{02359A18-3DC9-45A7-AC4D-FF342E701CC4}.Debug|Any CPU.ActiveCfg = Debug|Any CPU
		{02359A18-3DC9-45A7-AC4D-FF342E701CC4}.Debug|Any CPU.Build.0 = Debug|Any CPU
		{02359A18-3DC9-45A7-AC4D-FF342E701CC4}.Release|Any CPU.ActiveCfg = Release|Any CPU
		{02359A18-3DC9-45A7-AC4D-FF342E701CC4}.Release|Any CPU.Build.0 = Release|Any CPU
		{BB1E9913-230A-4B6A-91F5-095C4A950F69}.Debug|Any CPU.ActiveCfg = Debug|Any CPU
		{BB1E9913-230A-4B6A-91F5-095C4A950F69}.Debug|Any CPU.Build.0 = Debug|Any CPU
		{BB1E9913-230A-4B6A-91F5-095C4A950F69}.Debug|Any CPU.Deploy.0 = Debug|Any CPU
		{BB1E9913-230A-4B6A-91F5-095C4A950F69}.Release|Any CPU.ActiveCfg = Release|Any CPU
		{BB1E9913-230A-4B6A-91F5-095C4A950F69}.Release|Any CPU.Build.0 = Release|Any CPU
		{BB1E9913-230A-4B6A-91F5-095C4A950F69}.Release|Any CPU.Deploy.0 = Release|Any CPU
	EndGlobalSection
	GlobalSection(SolutionProperties) = preSolution
		HideSolutionNode = FALSE
	EndGlobalSection
	GlobalSection(ExtensibilityGlobals) = postSolution
		SolutionGuid = {5F795201-30AD-4468-A91A-0A6AD46E2418}
	EndGlobalSection
EndGlobal
